github.com/dfwcnj/goranddatagen/randomdata v0.0.0-20240902122856-83e7dc152938 h1:Q6Tc+cFkSJ87KKawHOLpBhWyfjTwTm8L3yN6TEb7OR0=
github.com/dfwcnj/goranddatagen/randomdata v0.0.0-20240902122856-83e7dc152938/go.mod h1:o1KXyR778e6ZwEwBuGmrgjjGc2ifMAl86tr4zSNz1bc=
github.com/dfwcnj/goranddatagen/randomdata v0.0.0-20240902134818-51b906976225 h1:ES6WhqL46EIv0u/s4f49kRRBCuwmhsaM84yDA0g1zLw=
github.com/dfwcnj/goranddatagen/randomdata v0.0.0-20240902134818-51b906976225/go.mod h1:o1KXyR778e6ZwEwBuGmrgjjGc2ifMAl86tr4zSNz1bc=
